lockVersion: 2.0.0
id: 8b5fa338-9106-4734-abf0-e30d67044a90
management:
  docChecksum: 21f469b38bb72725739ee9d9d0fc8780
  docVersion: 1.0.51
  speakeasyVersion: 1.405.6
  generationVersion: 2.428.1
  releaseVersion: 0.26.0-beta.4
  configChecksum: 0b79ec3eb6db29cf265da8359efa5611
  repoURL: https://github.com/Unstructured-IO/unstructured-python-client.git
  repoSubDirectory: .
  installationURL: https://github.com/Unstructured-IO/unstructured-python-client.git
  published: true
features:
  python:
    additionalDependencies: 1.0.0
    constsAndDefaults: 1.0.3
    core: 5.5.7
    defaultEnabledRetries: 0.2.0
    enumUnions: 0.1.0
    envVarSecurityUsage: 0.3.1
    examples: 3.0.0
    globalSecurity: 3.0.2
    globalSecurityCallbacks: 1.0.0
    globalSecurityFlattening: 1.0.0
    globalServerURLs: 3.0.0
    multipartFileContentType: 1.0.0
    nameOverrides: 3.0.0
    nullables: 1.0.0
    openEnums: 1.0.0
    responseFormat: 1.0.1
    retries: 3.0.2
    sdkHooks: 1.0.0
    serverIDs: 3.0.0
    unions: 3.0.2
    uploadStreams: 1.0.0
generatedFiles:
  - .gitattributes
  - .vscode/settings.json
  - CONTRIBUTING.md
  - USAGE.md
  - docs/models/errors/detail.md
  - docs/models/errors/httpvalidationerror.md
  - docs/models/errors/servererror.md
  - docs/models/operations/partitionrequest.md
  - docs/models/operations/partitionresponse.md
  - docs/models/shared/chunkingstrategy.md
  - docs/models/shared/files.md
  - docs/models/shared/loc.md
  - docs/models/shared/outputformat.md
  - docs/models/shared/partitionparameters.md
  - docs/models/shared/security.md
  - docs/models/shared/strategy.md
  - docs/models/shared/validationerror.md
  - poetry.toml
  - py.typed
  - pylintrc
  - pyproject.toml
  - scripts/compile.sh
  - scripts/prepare-readme.py
  - scripts/publish.sh
  - src/unstructured_client/__init__.py
  - src/unstructured_client/_hooks/__init__.py
  - src/unstructured_client/_hooks/sdkhooks.py
  - src/unstructured_client/_hooks/types.py
  - src/unstructured_client/basesdk.py
  - src/unstructured_client/general.py
  - src/unstructured_client/httpclient.py
  - src/unstructured_client/models/errors/__init__.py
  - src/unstructured_client/models/errors/httpvalidationerror.py
  - src/unstructured_client/models/errors/sdkerror.py
  - src/unstructured_client/models/errors/servererror.py
  - src/unstructured_client/models/operations/__init__.py
  - src/unstructured_client/models/operations/partition.py
  - src/unstructured_client/models/shared/__init__.py
  - src/unstructured_client/models/shared/partition_parameters.py
  - src/unstructured_client/models/shared/security.py
  - src/unstructured_client/models/shared/validationerror.py
  - src/unstructured_client/py.typed
  - src/unstructured_client/sdk.py
  - src/unstructured_client/sdkconfiguration.py
  - src/unstructured_client/types/__init__.py
  - src/unstructured_client/types/basemodel.py
  - src/unstructured_client/utils/__init__.py
  - src/unstructured_client/utils/annotations.py
  - src/unstructured_client/utils/enums.py
  - src/unstructured_client/utils/eventstreaming.py
  - src/unstructured_client/utils/forms.py
  - src/unstructured_client/utils/headers.py
  - src/unstructured_client/utils/logger.py
  - src/unstructured_client/utils/metadata.py
  - src/unstructured_client/utils/queryparams.py
  - src/unstructured_client/utils/requestbodies.py
  - src/unstructured_client/utils/retries.py
  - src/unstructured_client/utils/security.py
  - src/unstructured_client/utils/serializers.py
  - src/unstructured_client/utils/url.py
  - src/unstructured_client/utils/values.py
examples:
  partition:
    speakeasy-default-partition:
      requestBody:
        multipart/form-data: {"chunking_strategy": "by_title", "files": {"": "{\"summary\":\"File to be partitioned\",\"externalValue\":\"https://github.com/Unstructured-IO/unstructured/blob/98d3541909f64290b5efb65a226fc3ee8a7cc5ee/example-docs/layout-parser-paper.pdf\"}"}, "split_pdf_page_range": [1, 10], "strategy": "hi_res"}
      responses:
        "200":
          application/json: [{"type": "Title", "element_id": "6aa0ff22f91bbe7e26e8e25ca8052acd", "text": "LayoutParser: A Unified Toolkit for Deep Learning Based Document Image Analysis", "metadata": {"languages": ["eng"], "page_number": 1, "filename": "layout-parser-paper.pdf", "filetype": "application/pdf"}}]
        "422":
          application/json: {"detail": []}
        5XX:
          application/json: {"detail": "An error occurred"}
