speakeasyVersion: 1.488.0
sources:
    my-source:
        sourceNamespace: my-source
        sourceRevisionDigest: sha256:38de94b8fb4d2ee973b988986c3e0dcd2e2deaf6de38ef40ac58067728720315
        sourceBlobDigest: sha256:2cc0f6d125e0a830dfd67e8fc18d001981832c93783af5c9da0d81841deea9f8
        tags:
            - latest
            - speakeasy-sdk-regen-1739216953
            - 1.0.0
targets:
    unstructured-python:
        source: my-source
        sourceNamespace: my-source
        sourceRevisionDigest: sha256:38de94b8fb4d2ee973b988986c3e0dcd2e2deaf6de38ef40ac58067728720315
        sourceBlobDigest: sha256:2cc0f6d125e0a830dfd67e8fc18d001981832c93783af5c9da0d81841deea9f8
        codeSamplesNamespace: my-source-code-samples
        codeSamplesRevisionDigest: sha256:1f17aac0d1c9f3ea69a6d6f4c74814935b8b8210034200d60883eb3662b54ee1
workflow:
    workflowVersion: 1.0.0
    speakeasyVersion: latest
    sources:
        my-source:
            inputs:
                - location: https://api.unstructured.io/general/openapi.json
                - location: https://platform.unstructuredapp.io/openapi.json
            overlays:
                - location: ./overlay_client.yaml
            registry:
                location: registry.speakeasyapi.dev/unstructured/unstructured5xr/my-source
    targets:
        unstructured-python:
            target: python
            source: my-source
            publish:
                pypi:
                    token: $PYPI_TOKEN
            codeSamples:
                output: codeSamples.yaml
                registry:
                    location: registry.speakeasyapi.dev/unstructured/unstructured5xr/my-source-code-samples
