speakeasyVersion: 1.332.1
sources:
    my-source:
        sourceNamespace: my-source
        sourceRevisionDigest: sha256:3d32f32b64dc50e2b7d652cf12f2990fd05b1747b5315c8888b5cb7729664bef
        sourceBlobDigest: sha256:0bc26d26e548f6e152deaf7a2b03eb0b53c74368aebac5e2e44502322e4f20ea
        tags:
            - latest
            - main
targets:
    unstructured-python:
        source: my-source
        sourceNamespace: my-source
        sourceRevisionDigest: sha256:3d32f32b64dc50e2b7d652cf12f2990fd05b1747b5315c8888b5cb7729664bef
        sourceBlobDigest: sha256:0bc26d26e548f6e152deaf7a2b03eb0b53c74368aebac5e2e44502322e4f20ea
        outLocation: /github/workspace/repo
workflow:
    workflowVersion: 1.0.0
    speakeasyVersion: latest
    sources:
        my-source:
            inputs:
                - location: https://api.unstructured.io/general/openapi.json
            overlays:
                - location: ./overlay_client.yaml
            registry:
                location: registry.speakeasyapi.dev/unstructured/unstructured5xr/my-source
    targets:
        unstructured-python:
            target: python
            source: my-source
            publish:
                pypi:
                    token: $PYPI_TOKEN
            codeSamples:
                output: codeSamples.yaml
