speakeasyVersion: 1.521.1
sources:
    my-source:
        sourceNamespace: my-source
        sourceRevisionDigest: sha256:c729b7c3e96441f37c558955fa9dd2d6401b25c7cdd776635fcb9b972060ec97
        sourceBlobDigest: sha256:5c6ce34332451057e7e4b373e3c6ca3222b85ba990052d3afe7ed5ef7e378259
        tags:
            - latest
            - speakeasy-sdk-regen-1742509545
            - 1.0.81
targets:
    unstructured-python:
        source: my-source
        sourceNamespace: my-source
        sourceRevisionDigest: sha256:c729b7c3e96441f37c558955fa9dd2d6401b25c7cdd776635fcb9b972060ec97
        sourceBlobDigest: sha256:5c6ce34332451057e7e4b373e3c6ca3222b85ba990052d3afe7ed5ef7e378259
        codeSamplesNamespace: my-source-code-samples
        codeSamplesRevisionDigest: sha256:2764e948ee50d277f55fe2c55409941a8fbb095d210a5f571e0a8434b4f2da4f
workflow:
    workflowVersion: 1.0.0
    speakeasyVersion: latest
    sources:
        my-source:
            inputs:
                - location: https://platform.unstructuredapp.io/openapi.json
                - location: https://api.unstructuredapp.io/general/openapi.json
            overlays:
                - location: ./overlay_client.yaml
            registry:
                location: registry.speakeasyapi.dev/unstructured/unstructured5xr/my-source
    targets:
        unstructured-python:
            target: python
            source: my-source
            publish:
                pypi:
                    token: $PYPI_TOKEN
            codeSamples:
                output: codeSamples.yaml
                registry:
                    location: registry.speakeasyapi.dev/unstructured/unstructured5xr/my-source-code-samples
